
Microsoft Visual Studio Solution File, Format Version 12.00
# Visual Studio Version 16
VisualStudioVersion = 16.0.30128.74
MinimumVisualStudioVersion = 10.0.40219.1
Project("{FAE04EC0-301F-11D3-BF4B-00C04F79EFBC}") = "AppFit.Android", "AppFit\AppFit.Android\AppFit.Android.csproj", "{7B7A7E34-D179-4DC7-9642-FC12E01F9C93}"
EndProject
Project("{FAE04EC0-301F-11D3-BF4B-00C04F79EFBC}") = "AppFit.iOS", "AppFit\AppFit.iOS\AppFit.iOS.csproj", "{65693426-DF2E-45DD-8E13-D3BB10910B26}"
EndProject
Project("{FAE04EC0-301F-11D3-BF4B-00C04F79EFBC}") = "AppFit", "AppFit\AppFit\AppFit.csproj", "{9C533A59-5235-4993-87A8-4C35B5FDDD81}"
EndProject
Global
	GlobalSection(SolutionConfigurationPlatforms) = preSolution
		Debug|Any CPU = Debug|Any CPU
		Debug|iPhone = Debug|iPhone
		Debug|iPhoneSimulator = Debug|iPhoneSimulator
		Release|Any CPU = Release|Any CPU
		Release|iPhone = Release|iPhone
		Release|iPhoneSimulator = Release|iPhoneSimulator
	EndGlobalSection
	GlobalSection(ProjectConfigurationPlatforms) = postSolution
		{7B7A7E34-D179-4DC7-9642-FC12E01F9C93}.Debug|Any CPU.ActiveCfg = Debug|Any CPU
		{7B7A7E34-D179-4DC7-9642-FC12E01F9C93}.Debug|Any CPU.Build.0 = Debug|Any CPU
		{7B7A7E34-D179-4DC7-9642-FC12E01F9C93}.Debug|Any CPU.Deploy.0 = Debug|Any CPU
		{7B7A7E34-D179-4DC7-9642-FC12E01F9C93}.Debug|iPhone.ActiveCfg = Debug|Any CPU
		{7B7A7E34-D179-4DC7-9642-FC12E01F9C93}.Debug|iPhone.Build.0 = Debug|Any CPU
		{7B7A7E34-D179-4DC7-9642-FC12E01F9C93}.Debug|iPhone.Deploy.0 = Debug|Any CPU
		{7B7A7E34-D179-4DC7-9642-FC12E01F9C93}.Debug|iPhoneSimulator.ActiveCfg = Debug|Any CPU
		{7B7A7E34-D179-4DC7-9642-FC12E01F9C93}.Debug|iPhoneSimulator.Build.0 = Debug|Any CPU
		{7B7A7E34-D179-4DC7-9642-FC12E01F9C93}.Debug|iPhoneSimulator.Deploy.0 = Debug|Any CPU
		{7B7A7E34-D179-4DC7-9642-FC12E01F9C93}.Release|Any CPU.ActiveCfg = Release|Any CPU
		{7B7A7E34-D179-4DC7-9642-FC12E01F9C93}.Release|Any CPU.Build.0 = Release|Any CPU
		{7B7A7E34-D179-4DC7-9642-FC12E01F9C93}.Release|Any CPU.Deploy.0 = Release|Any CPU
		{7B7A7E34-D179-4DC7-9642-FC12E01F9C93}.Release|iPhone.ActiveCfg = Release|Any CPU
		{7B7A7E34-D179-4DC7-9642-FC12E01F9C93}.Release|iPhone.Build.0 = Release|Any CPU
		{7B7A7E34-D179-4DC7-9642-FC12E01F9C93}.Release|iPhone.Deploy.0 = Release|Any CPU
		{7B7A7E34-D179-4DC7-9642-FC12E01F9C93}.Release|iPhoneSimulator.ActiveCfg = Release|Any CPU
		{7B7A7E34-D179-4DC7-9642-FC12E01F9C93}.Release|iPhoneSimulator.Build.0 = Release|Any CPU
		{7B7A7E34-D179-4DC7-9642-FC12E01F9C93}.Release|iPhoneSimulator.Deploy.0 = Release|Any CPU
		{65693426-DF2E-45DD-8E13-D3BB10910B26}.Debug|Any CPU.ActiveCfg = Debug|iPhone
		{65693426-DF2E-45DD-8E13-D3BB10910B26}.Debug|Any CPU.Build.0 = Debug|iPhone
		{65693426-DF2E-45DD-8E13-D3BB10910B26}.Debug|iPhone.ActiveCfg = Debug|iPhone
		{65693426-DF2E-45DD-8E13-D3BB10910B26}.Debug|iPhone.Build.0 = Debug|iPhone
		{65693426-DF2E-45DD-8E13-D3BB10910B26}.Debug|iPhone.Deploy.0 = Debug|iPhone
		{65693426-DF2E-45DD-8E13-D3BB10910B26}.Debug|iPhoneSimulator.ActiveCfg = Debug|iPhoneSimulator
		{65693426-DF2E-45DD-8E13-D3BB10910B26}.Debug|iPhoneSimulator.Build.0 = Debug|iPhoneSimulator
		{65693426-DF2E-45DD-8E13-D3BB10910B26}.Debug|iPhoneSimulator.Deploy.0 = Debug|iPhoneSimulator
		{65693426-DF2E-45DD-8E13-D3BB10910B26}.Release|Any CPU.ActiveCfg = Release|iPhone
		{65693426-DF2E-45DD-8E13-D3BB10910B26}.Release|Any CPU.Build.0 = Release|iPhone
		{65693426-DF2E-45DD-8E13-D3BB10910B26}.Release|Any CPU.Deploy.0 = Release|iPhone
		{65693426-DF2E-45DD-8E13-D3BB10910B26}.Release|iPhone.ActiveCfg = Release|iPhone
		{65693426-DF2E-45DD-8E13-D3BB10910B26}.Release|iPhone.Build.0 = Release|iPhone
		{65693426-DF2E-45DD-8E13-D3BB10910B26}.Release|iPhone.Deploy.0 = Release|iPhone
		{65693426-DF2E-45DD-8E13-D3BB10910B26}.Release|iPhoneSimulator.ActiveCfg = Release|iPhoneSimulator
		{65693426-DF2E-45DD-8E13-D3BB10910B26}.Release|iPhoneSimulator.Build.0 = Release|iPhoneSimulator
		{65693426-DF2E-45DD-8E13-D3BB10910B26}.Release|iPhoneSimulator.Deploy.0 = Release|iPhoneSimulator
		{9C533A59-5235-4993-87A8-4C35B5FDDD81}.Debug|Any CPU.ActiveCfg = Debug|Any CPU
		{9C533A59-5235-4993-87A8-4C35B5FDDD81}.Debug|Any CPU.Build.0 = Debug|Any CPU
		{9C533A59-5235-4993-87A8-4C35B5FDDD81}.Debug|Any CPU.Deploy.0 = Debug|Any CPU
		{9C533A59-5235-4993-87A8-4C35B5FDDD81}.Debug|iPhone.ActiveCfg = Debug|Any CPU
		{9C533A59-5235-4993-87A8-4C35B5FDDD81}.Debug|iPhone.Build.0 = Debug|Any CPU
		{9C533A59-5235-4993-87A8-4C35B5FDDD81}.Debug|iPhone.Deploy.0 = Debug|Any CPU
		{9C533A59-5235-4993-87A8-4C35B5FDDD81}.Debug|iPhoneSimulator.ActiveCfg = Debug|Any CPU
		{9C533A59-5235-4993-87A8-4C35B5FDDD81}.Debug|iPhoneSimulator.Build.0 = Debug|Any CPU
		{9C533A59-5235-4993-87A8-4C35B5FDDD81}.Debug|iPhoneSimulator.Deploy.0 = Debug|Any CPU
		{9C533A59-5235-4993-87A8-4C35B5FDDD81}.Release|Any CPU.ActiveCfg = Release|Any CPU
		{9C533A59-5235-4993-87A8-4C35B5FDDD81}.Release|Any CPU.Build.0 = Release|Any CPU
		{9C533A59-5235-4993-87A8-4C35B5FDDD81}.Release|Any CPU.Deploy.0 = Release|Any CPU
		{9C533A59-5235-4993-87A8-4C35B5FDDD81}.Release|iPhone.ActiveCfg = Release|Any CPU
		{9C533A59-5235-4993-87A8-4C35B5FDDD81}.Release|iPhone.Build.0 = Release|Any CPU
		{9C533A59-5235-4993-87A8-4C35B5FDDD81}.Release|iPhone.Deploy.0 = Release|Any CPU
		{9C533A59-5235-4993-87A8-4C35B5FDDD81}.Release|iPhoneSimulator.ActiveCfg = Release|Any CPU
		{9C533A59-5235-4993-87A8-4C35B5FDDD81}.Release|iPhoneSimulator.Build.0 = Release|Any CPU
		{9C533A59-5235-4993-87A8-4C35B5FDDD81}.Release|iPhoneSimulator.Deploy.0 = Release|Any CPU
	EndGlobalSection
	GlobalSection(SolutionProperties) = preSolution
		HideSolutionNode = FALSE
	EndGlobalSection
	GlobalSection(ExtensibilityGlobals) = postSolution
		SolutionGuid = {8A6DF6C2-EFA3-41B8-8B79-679F44D7BFDC}
	EndGlobalSection
EndGlobal
